
Microsoft Visual Studio Solution File, Format Version 12.00
# Visual Studio Version 17
VisualStudioVersion = 17.5.002.0
MinimumVisualStudioVersion = 10.0.40219.1
Project("{9A19103F-16F7-4668-BE54-9A1E7A4F7556}") = "Speedshard_Core", "Speedshard_Core.csproj", "{443BA127-841C-4327-ABBB-4F73AE82775F}"
EndProject
Global
	GlobalSection(SolutionConfigurationPlatforms) = preSolution
		Debug|Any CPU = Debug|Any CPU
		Release|Any CPU = Release|Any CPU
	EndGlobalSection
	GlobalSection(ProjectConfigurationPlatforms) = postSolution
		{443BA127-841C-4327-ABBB-4F73AE82775F}.Debug|Any CPU.ActiveCfg = Debug|Any CPU
		{443BA127-841C-4327-ABBB-4F73AE82775F}.Debug|Any CPU.Build.0 = Debug|Any CPU
		{443BA127-841C-4327-ABBB-4F73AE82775F}.Release|Any CPU.ActiveCfg = Release|Any CPU
		{443BA127-841C-4327-ABBB-4F73AE82775F}.Release|Any CPU.Build.0 = Release|Any CPU
	EndGlobalSection
	GlobalSection(SolutionProperties) = preSolution
		HideSolutionNode = FALSE
	EndGlobalSection
	GlobalSection(ExtensibilityGlobals) = postSolution
		SolutionGuid = {404C1C1C-9533-4C39-906E-680034931268}
	EndGlobalSection
EndGlobal
